
Microsoft Visual Studio Solution File, Format Version 12.00
# Visual Studio 2012
Project("{FAE04EC0-301F-11D3-BF4B-00C04F79EFBC}") = "5-CSRF", "5-CSRF\5-CSRF.csproj", "{15132EB6-4F11-4626-9368-6E91FA91683E}"
EndProject
Global
	GlobalSection(SolutionConfigurationPlatforms) = preSolution
		Debug|Any CPU = Debug|Any CPU
		Release|Any CPU = Release|Any CPU
	EndGlobalSection
	GlobalSection(ProjectConfigurationPlatforms) = postSolution
		{15132EB6-4F11-4626-9368-6E91FA91683E}.Debug|Any CPU.ActiveCfg = Debug|Any CPU
		{15132EB6-4F11-4626-9368-6E91FA91683E}.Debug|Any CPU.Build.0 = Debug|Any CPU
		{15132EB6-4F11-4626-9368-6E91FA91683E}.Release|Any CPU.ActiveCfg = Release|Any CPU
		{15132EB6-4F11-4626-9368-6E91FA91683E}.Release|Any CPU.Build.0 = Release|Any CPU
	EndGlobalSection
	GlobalSection(SolutionProperties) = preSolution
		HideSolutionNode = FALSE
	EndGlobalSection
EndGlobal
